// !$*UTF8*$!
{
	archiveVersion = 1;
	classes = {
	};
	objectVersion = 56;
	objects = {

/* Begin PBXBuildFile section */
		130E7993290DDAF300F8529B /* EquipmentModel.swift in Sources */ = {isa = PBXBuildFile; fileRef = 130E7992290DDAF300F8529B /* EquipmentModel.swift */; };
		130E7995290DE90D00F8529B /* PerformMaintainceViewController.swift in Sources */ = {isa = PBXBuildFile; fileRef = 130E7994290DE90D00F8529B /* PerformMaintainceViewController.swift */; };
		13356FFA290DB30100AB7606 /* StringeXTENSION.swift in Sources */ = {isa = PBXBuildFile; fileRef = 13356FF9290DB30100AB7606 /* StringeXTENSION.swift */; };
		13356FFC290DB4B100AB7606 /* KeychianService.swift in Sources */ = {isa = PBXBuildFile; fileRef = 13356FFB290DB4B100AB7606 /* KeychianService.swift */; };
		13356FFF290DB83E00AB7606 /* DashboardViewController.swift in Sources */ = {isa = PBXBuildFile; fileRef = 13356FFE290DB83E00AB7606 /* DashboardViewController.swift */; };
		13942978290DA86600DE89BB /* AppDelegate.swift in Sources */ = {isa = PBXBuildFile; fileRef = 13942977290DA86600DE89BB /* AppDelegate.swift */; };
		1394297A290DA86600DE89BB /* SceneDelegate.swift in Sources */ = {isa = PBXBuildFile; fileRef = 13942979290DA86600DE89BB /* SceneDelegate.swift */; };
		1394297C290DA86600DE89BB /* ViewController.swift in Sources */ = {isa = PBXBuildFile; fileRef = 1394297B290DA86600DE89BB /* ViewController.swift */; };
		1394297F290DA86600DE89BB /* Main.storyboard in Resources */ = {isa = PBXBuildFile; fileRef = 1394297D290DA86600DE89BB /* Main.storyboard */; };
		13942981290DA86700DE89BB /* Assets.xcassets in Resources */ = {isa = PBXBuildFile; fileRef = 13942980290DA86700DE89BB /* Assets.xcassets */; };
		13942984290DA86700DE89BB /* LaunchScreen.storyboard in Resources */ = {isa = PBXBuildFile; fileRef = 13942982290DA86700DE89BB /* LaunchScreen.storyboard */; };
		1394298C290DA9CD00DE89BB /* GoogleService-Info.plist in Resources */ = {isa = PBXBuildFile; fileRef = 1394298B290DA9B900DE89BB /* GoogleService-Info.plist */; };
		7B1134E6FD5F572E813F66B7 /* Pods_EquipmentManagement.framework in Frameworks */ = {isa = PBXBuildFile; fileRef = 952256936E1E15CFDCE1CA42 /* Pods_EquipmentManagement.framework */; };
/* End PBXBuildFile section */

/* Begin PBXFileReference section */
		130E7992290DDAF300F8529B /* EquipmentModel.swift */ = {isa = PBXFileReference; lastKnownFileType = sourcecode.swift; path = EquipmentModel.swift; sourceTree = "<group>"; };
		130E7994290DE90D00F8529B /* PerformMaintainceViewController.swift */ = {isa = PBXFileReference; lastKnownFileType = sourcecode.swift; path = PerformMaintainceViewController.swift; sourceTree = "<group>"; };
		13356FF9290DB30100AB7606 /* StringeXTENSION.swift */ = {isa = PBXFileReference; lastKnownFileType = sourcecode.swift; path = StringeXTENSION.swift; sourceTree = "<group>"; };
		13356FFB290DB4B100AB7606 /* KeychianService.swift */ = {isa = PBXFileReference; lastKnownFileType = sourcecode.swift; path = KeychianService.swift; sourceTree = "<group>"; };
		13356FFE290DB83E00AB7606 /* DashboardViewController.swift */ = {isa = PBXFileReference; lastKnownFileType = sourcecode.swift; path = DashboardViewController.swift; sourceTree = "<group>"; };
		13942974290DA86600DE89BB /* EquipmentManagement.app */ = {isa = PBXFileReference; explicitFileType = wrapper.application; includeInIndex = 0; path = EquipmentManagement.app; sourceTree = BUILT_PRODUCTS_DIR; };
		13942977290DA86600DE89BB /* AppDelegate.swift */ = {isa = PBXFileReference; lastKnownFileType = sourcecode.swift; path = AppDelegate.swift; sourceTree = "<group>"; };
		13942979290DA86600DE89BB /* SceneDelegate.swift */ = {isa = PBXFileReference; lastKnownFileType = sourcecode.swift; path = SceneDelegate.swift; sourceTree = "<group>"; };
		1394297B290DA86600DE89BB /* ViewController.swift */ = {isa = PBXFileReference; lastKnownFileType = sourcecode.swift; path = ViewController.swift; sourceTree = "<group>"; };
		1394297E290DA86600DE89BB /* Base */ = {isa = PBXFileReference; lastKnownFileType = file.storyboard; name = Base; path = Base.lproj/Main.storyboard; sourceTree = "<group>"; };
		13942980290DA86700DE89BB /* Assets.xcassets */ = {isa = PBXFileReference; lastKnownFileType = folder.assetcatalog; path = Assets.xcassets; sourceTree = "<group>"; };
		13942983290DA86700DE89BB /* Base */ = {isa = PBXFileReference; lastKnownFileType = file.storyboard; name = Base; path = Base.lproj/LaunchScreen.storyboard; sourceTree = "<group>"; };
		13942985290DA86700DE89BB /* Info.plist */ = {isa = PBXFileReference; lastKnownFileType = text.plist.xml; path = Info.plist; sourceTree = "<group>"; };
		1394298B290DA9B900DE89BB /* GoogleService-Info.plist */ = {isa = PBXFileReference; lastKnownFileType = text.plist.xml; path = "GoogleService-Info.plist"; sourceTree = "<group>"; };
		382E9BEE2F2C359AB38CCB7B /* Pods-EquipmentManagement.release.xcconfig */ = {isa = PBXFileReference; includeInIndex = 1; lastKnownFileType = text.xcconfig; name = "Pods-EquipmentManagement.release.xcconfig"; path = "Target Support Files/Pods-EquipmentManagement/Pods-EquipmentManagement.release.xcconfig"; sourceTree = "<group>"; };
		952256936E1E15CFDCE1CA42 /* Pods_EquipmentManagement.framework */ = {isa = PBXFileReference; explicitFileType = wrapper.framework; includeInIndex = 0; path = Pods_EquipmentManagement.framework; sourceTree = BUILT_PRODUCTS_DIR; };
		BF72B8471169383D38ABB375 /* Pods-EquipmentManagement.debug.xcconfig */ = {isa = PBXFileReference; includeInIndex = 1; lastKnownFileType = text.xcconfig; name = "Pods-EquipmentManagement.debug.xcconfig"; path = "Target Support Files/Pods-EquipmentManagement/Pods-EquipmentManagement.debug.xcconfig"; sourceTree = "<group>"; };
/* End PBXFileReference section */

/* Begin PBXFrameworksBuildPhase section */
		13942971290DA86600DE89BB /* Frameworks */ = {
			isa = PBXFrameworksBuildPhase;
			buildActionMask = 2147483647;
			files = (
				7B1134E6FD5F572E813F66B7 /* Pods_EquipmentManagement.framework in Frameworks */,
			);
			runOnlyForDeploymentPostprocessing = 0;
		};
/* End PBXFrameworksBuildPhase section */

/* Begin PBXGroup section */
		03FD2BFD293C389A74BA7549 /* Pods */ = {
			isa = PBXGroup;
			children = (
				BF72B8471169383D38ABB375 /* Pods-EquipmentManagement.debug.xcconfig */,
				382E9BEE2F2C359AB38CCB7B /* Pods-EquipmentManagement.release.xcconfig */,
			);
			path = Pods;
			sourceTree = "<group>";
		};
		130E798F290DDA2300F8529B /* Model */ = {
			isa = PBXGroup;
			children = (
				130E7992290DDAF300F8529B /* EquipmentModel.swift */,
			);
			path = Model;
			sourceTree = "<group>";
		};
		130E7990290DDA3500F8529B /* Controller */ = {
			isa = PBXGroup;
			children = (
				13356FFE290DB83E00AB7606 /* DashboardViewController.swift */,
				1394297B290DA86600DE89BB /* ViewController.swift */,
				130E7994290DE90D00F8529B /* PerformMaintainceViewController.swift */,
			);
			path = Controller;
			sourceTree = "<group>";
		};
		130E7991290DDA3F00F8529B /* View */ = {
			isa = PBXGroup;
			children = (
				1394297D290DA86600DE89BB /* Main.storyboard */,
			);
			path = View;
			sourceTree = "<group>";
		};
		13356FF8290DB2E800AB7606 /* Utilities */ = {
			isa = PBXGroup;
			children = (
				13356FF9290DB30100AB7606 /* StringeXTENSION.swift */,
				13356FFB290DB4B100AB7606 /* KeychianService.swift */,
			);
			path = Utilities;
			sourceTree = "<group>";
		};
		1394296B290DA86600DE89BB = {
			isa = PBXGroup;
			children = (
				13942976290DA86600DE89BB /* EquipmentManagement */,
				13942975290DA86600DE89BB /* Products */,
				03FD2BFD293C389A74BA7549 /* Pods */,
				872B7476E185B6ECA0AE3EE4 /* Frameworks */,
			);
			sourceTree = "<group>";
		};
		13942975290DA86600DE89BB /* Products */ = {
			isa = PBXGroup;
			children = (
				13942974290DA86600DE89BB /* EquipmentManagement.app */,
			);
			name = Products;
			sourceTree = "<group>";
		};
		13942976290DA86600DE89BB /* EquipmentManagement */ = {
			isa = PBXGroup;
			children = (
				130E7991290DDA3F00F8529B /* View */,
				130E7990290DDA3500F8529B /* Controller */,
				130E798F290DDA2300F8529B /* Model */,
				13356FF8290DB2E800AB7606 /* Utilities */,
				13942977290DA86600DE89BB /* AppDelegate.swift */,
				13942979290DA86600DE89BB /* SceneDelegate.swift */,
				13942980290DA86700DE89BB /* Assets.xcassets */,
				13942982290DA86700DE89BB /* LaunchScreen.storyboard */,
				13942985290DA86700DE89BB /* Info.plist */,
				1394298B290DA9B900DE89BB /* GoogleService-Info.plist */,
			);
			path = EquipmentManagement;
			sourceTree = "<group>";
		};
		872B7476E185B6ECA0AE3EE4 /* Frameworks */ = {
			isa = PBXGroup;
			children = (
				952256936E1E15CFDCE1CA42 /* Pods_EquipmentManagement.framework */,
			);
			name = Frameworks;
			sourceTree = "<group>";
		};
/* End PBXGroup section */

/* Begin PBXNativeTarget section */
		13942973290DA86600DE89BB /* EquipmentManagement */ = {
			isa = PBXNativeTarget;
			buildConfigurationList = 13942988290DA86700DE89BB /* Build configuration list for PBXNativeTarget "EquipmentManagement" */;
			buildPhases = (
				5459DC3B0A02E1D3187119F7 /* [CP] Check Pods Manifest.lock */,
				13942970290DA86600DE89BB /* Sources */,
				13942971290DA86600DE89BB /* Frameworks */,
				13942972290DA86600DE89BB /* Resources */,
				97DCBCD7965F78B581E85A07 /* [CP] Embed Pods Frameworks */,
			);
			buildRules = (
			);
			dependencies = (
			);
			name = EquipmentManagement;
			productName = EquipmentManagement;
			productReference = 13942974290DA86600DE89BB /* EquipmentManagement.app */;
			productType = "com.apple.product-type.application";
		};
/* End PBXNativeTarget section */

/* Begin PBXProject section */
		1394296C290DA86600DE89BB /* Project object */ = {
			isa = PBXProject;
			attributes = {
				BuildIndependentTargetsInParallel = 1;
				LastSwiftUpdateCheck = 1400;
				LastUpgradeCheck = 1400;
				TargetAttributes = {
					13942973290DA86600DE89BB = {
						CreatedOnToolsVersion = 14.0;
					};
				};
			};
			buildConfigurationList = 1394296F290DA86600DE89BB /* Build configuration list for PBXProject "EquipmentManagement" */;
			compatibilityVersion = "Xcode 14.0";
			developmentRegion = en;
			hasScannedForEncodings = 0;
			knownRegions = (
				en,
				Base,
			);
			mainGroup = 1394296B290DA86600DE89BB;
			productRefGroup = 13942975290DA86600DE89BB /* Products */;
			projectDirPath = "";
			projectRoot = "";
			targets = (
				13942973290DA86600DE89BB /* EquipmentManagement */,
			);
		};
/* End PBXProject section */

/* Begin PBXResourcesBuildPhase section */
		13942972290DA86600DE89BB /* Resources */ = {
			isa = PBXResourcesBuildPhase;
			buildActionMask = 2147483647;
			files = (
				13942984290DA86700DE89BB /* LaunchScreen.storyboard in Resources */,
				1394298C290DA9CD00DE89BB /* GoogleService-Info.plist in Resources */,
				13942981290DA86700DE89BB /* Assets.xcassets in Resources */,
				1394297F290DA86600DE89BB /* Main.storyboard in Resources */,
			);
			runOnlyForDeploymentPostprocessing = 0;
		};
/* End PBXResourcesBuildPhase section */

/* Begin PBXShellScriptBuildPhase section */
		5459DC3B0A02E1D3187119F7 /* [CP] Check Pods Manifest.lock */ = {
			isa = PBXShellScriptBuildPhase;
			buildActionMask = 2147483647;
			files = (
			);
			inputFileListPaths = (
			);
			inputPaths = (
				"${PODS_PODFILE_DIR_PATH}/Podfile.lock",
				"${PODS_ROOT}/Manifest.lock",
			);
			name = "[CP] Check Pods Manifest.lock";
			outputFileListPaths = (
			);
			outputPaths = (
				"$(DERIVED_FILE_DIR)/Pods-EquipmentManagement-checkManifestLockResult.txt",
			);
			runOnlyForDeploymentPostprocessing = 0;
			shellPath = /bin/sh;
			shellScript = "diff \"${PODS_PODFILE_DIR_PATH}/Podfile.lock\" \"${PODS_ROOT}/Manifest.lock\" > /dev/null\nif [ $? != 0 ] ; then\n    # print error to STDERR\n    echo \"error: The sandbox is not in sync with the Podfile.lock. Run 'pod install' or update your CocoaPods installation.\" >&2\n    exit 1\nfi\n# This output is used by Xcode 'outputs' to avoid re-running this script phase.\necho \"SUCCESS\" > \"${SCRIPT_OUTPUT_FILE_0}\"\n";
			showEnvVarsInLog = 0;
		};
		97DCBCD7965F78B581E85A07 /* [CP] Embed Pods Frameworks */ = {
			isa = PBXShellScriptBuildPhase;
			buildActionMask = 2147483647;
			files = (
			);
			inputFileListPaths = (
				"${PODS_ROOT}/Target Support Files/Pods-EquipmentManagement/Pods-EquipmentManagement-frameworks-${CONFIGURATION}-input-files.xcfilelist",
			);
			name = "[CP] Embed Pods Frameworks";
			outputFileListPaths = (
				"${PODS_ROOT}/Target Support Files/Pods-EquipmentManagement/Pods-EquipmentManagement-frameworks-${CONFIGURATION}-output-files.xcfilelist",
			);
			runOnlyForDeploymentPostprocessing = 0;
			shellPath = /bin/sh;
			shellScript = "\"${PODS_ROOT}/Target Support Files/Pods-EquipmentManagement/Pods-EquipmentManagement-frameworks.sh\"\n";
			showEnvVarsInLog = 0;
		};
/* End PBXShellScriptBuildPhase section */

/* Begin PBXSourcesBuildPhase section */
		13942970290DA86600DE89BB /* Sources */ = {
			isa = PBXSourcesBuildPhase;
			buildActionMask = 2147483647;
			files = (
				13356FFA290DB30100AB7606 /* StringeXTENSION.swift in Sources */,
				13356FFF290DB83E00AB7606 /* DashboardViewController.swift in Sources */,
				13356FFC290DB4B100AB7606 /* KeychianService.swift in Sources */,
				130E7995290DE90D00F8529B /* PerformMaintainceViewController.swift in Sources */,
				130E7993290DDAF300F8529B /* EquipmentModel.swift in Sources */,
				1394297C290DA86600DE89BB /* ViewController.swift in Sources */,
				13942978290DA86600DE89BB /* AppDelegate.swift in Sources */,
				1394297A290DA86600DE89BB /* SceneDelegate.swift in Sources */,
			);
			runOnlyForDeploymentPostprocessing = 0;
		};
/* End PBXSourcesBuildPhase section */

/* Begin PBXVariantGroup section */
		1394297D290DA86600DE89BB /* Main.storyboard */ = {
			isa = PBXVariantGroup;
			children = (
				1394297E290DA86600DE89BB /* Base */,
			);
			name = Main.storyboard;
			sourceTree = "<group>";
		};
		13942982290DA86700DE89BB /* LaunchScreen.storyboard */ = {
			isa = PBXVariantGroup;
			children = (
				13942983290DA86700DE89BB /* Base */,
			);
			name = LaunchScreen.storyboard;
			sourceTree = "<group>";
		};
/* End PBXVariantGroup section */

/* Begin XCBuildConfiguration section */
		13942986290DA86700DE89BB /* Debug */ = {
			isa = XCBuildConfiguration;
			buildSettings = {
				ALWAYS_SEARCH_USER_PATHS = NO;
				CLANG_ANALYZER_NONNULL = YES;
				CLANG_ANALYZER_NUMBER_OBJECT_CONVERSION = YES_AGGRESSIVE;
				CLANG_CXX_LANGUAGE_STANDARD = "gnu++20";
				CLANG_ENABLE_MODULES = YES;
				CLANG_ENABLE_OBJC_ARC = YES;
				CLANG_ENABLE_OBJC_WEAK = YES;
				CLANG_WARN_BLOCK_CAPTURE_AUTORELEASING = YES;
				CLANG_WARN_BOOL_CONVERSION = YES;
				CLANG_WARN_COMMA = YES;
				CLANG_WARN_CONSTANT_CONVERSION = YES;
				CLANG_WARN_DEPRECATED_OBJC_IMPLEMENTATIONS = YES;
				CLANG_WARN_DIRECT_OBJC_ISA_USAGE = YES_ERROR;
				CLANG_WARN_DOCUMENTATION_COMMENTS = YES;
				CLANG_WARN_EMPTY_BODY = YES;
				CLANG_WARN_ENUM_CONVERSION = YES;
				CLANG_WARN_INFINITE_RECURSION = YES;
				CLANG_WARN_INT_CONVERSION = YES;
				CLANG_WARN_NON_LITERAL_NULL_CONVERSION = YES;
				CLANG_WARN_OBJC_IMPLICIT_RETAIN_SELF = YES;
				CLANG_WARN_OBJC_LITERAL_CONVERSION = YES;
				CLANG_WARN_OBJC_ROOT_CLASS = YES_ERROR;
				CLANG_WARN_QUOTED_INCLUDE_IN_FRAMEWORK_HEADER = YES;
				CLANG_WARN_RANGE_LOOP_ANALYSIS = YES;
				CLANG_WARN_STRICT_PROTOTYPES = YES;
				CLANG_WARN_SUSPICIOUS_MOVE = YES;
				CLANG_WARN_UNGUARDED_AVAILABILITY = YES_AGGRESSIVE;
				CLANG_WARN_UNREACHABLE_CODE = YES;
				CLANG_WARN__DUPLICATE_METHOD_MATCH = YES;
				COPY_PHASE_STRIP = NO;
				DEBUG_INFORMATION_FORMAT = dwarf;
				ENABLE_STRICT_OBJC_MSGSEND = YES;
				ENABLE_TESTABILITY = YES;
				GCC_C_LANGUAGE_STANDARD = gnu11;
				GCC_DYNAMIC_NO_PIC = NO;
				GCC_NO_COMMON_BLOCKS = YES;
				GCC_OPTIMIZATION_LEVEL = 0;
				GCC_PREPROCESSOR_DEFINITIONS = (
					"DEBUG=1",
					"$(inherited)",
				);
				GCC_WARN_64_TO_32_BIT_CONVERSION = YES;
				GCC_WARN_ABOUT_RETURN_TYPE = YES_ERROR;
				GCC_WARN_UNDECLARED_SELECTOR = YES;
				GCC_WARN_UNINITIALIZED_AUTOS = YES_AGGRESSIVE;
				GCC_WARN_UNUSED_FUNCTION = YES;
				GCC_WARN_UNUSED_VARIABLE = YES;
				IPHONEOS_DEPLOYMENT_TARGET = 16.0;
				MTL_ENABLE_DEBUG_INFO = INCLUDE_SOURCE;
				MTL_FAST_MATH = YES;
				ONLY_ACTIVE_ARCH = YES;
				SDKROOT = iphoneos;
				SWIFT_ACTIVE_COMPILATION_CONDITIONS = DEBUG;
				SWIFT_OPTIMIZATION_LEVEL = "-Onone";
			};
			name = Debug;
		};
		13942987290DA86700DE89BB /* Release */ = {
			isa = XCBuildConfiguration;
			buildSettings = {
				ALWAYS_SEARCH_USER_PATHS = NO;
				CLANG_ANALYZER_NONNULL = YES;
				CLANG_ANALYZER_NUMBER_OBJECT_CONVERSION = YES_AGGRESSIVE;
				CLANG_CXX_LANGUAGE_STANDARD = "gnu++20";
				CLANG_ENABLE_MODULES = YES;
				CLANG_ENABLE_OBJC_ARC = YES;
				CLANG_ENABLE_OBJC_WEAK = YES;
				CLANG_WARN_BLOCK_CAPTURE_AUTORELEASING = YES;
				CLANG_WARN_BOOL_CONVERSION = YES;
				CLANG_WARN_COMMA = YES;
				CLANG_WARN_CONSTANT_CONVERSION = YES;
				CLANG_WARN_DEPRECATED_OBJC_IMPLEMENTATIONS = YES;
				CLANG_WARN_DIRECT_OBJC_ISA_USAGE = YES_ERROR;
				CLANG_WARN_DOCUMENTATION_COMMENTS = YES;
				CLANG_WARN_EMPTY_BODY = YES;
				CLANG_WARN_ENUM_CONVERSION = YES;
				CLANG_WARN_INFINITE_RECURSION = YES;
				CLANG_WARN_INT_CONVERSION = YES;
				CLANG_WARN_NON_LITERAL_NULL_CONVERSION = YES;
				CLANG_WARN_OBJC_IMPLICIT_RETAIN_SELF = YES;
				CLANG_WARN_OBJC_LITERAL_CONVERSION = YES;
				CLANG_WARN_OBJC_ROOT_CLASS = YES_ERROR;
				CLANG_WARN_QUOTED_INCLUDE_IN_FRAMEWORK_HEADER = YES;
				CLANG_WARN_RANGE_LOOP_ANALYSIS = YES;
				CLANG_WARN_STRICT_PROTOTYPES = YES;
				CLANG_WARN_SUSPICIOUS_MOVE = YES;
				CLANG_WARN_UNGUARDED_AVAILABILITY = YES_AGGRESSIVE;
				CLANG_WARN_UNREACHABLE_CODE = YES;
				CLANG_WARN__DUPLICATE_METHOD_MATCH = YES;
				COPY_PHASE_STRIP = NO;
				DEBUG_INFORMATION_FORMAT = "dwarf-with-dsym";
				ENABLE_NS_ASSERTIONS = NO;
				ENABLE_STRICT_OBJC_MSGSEND = YES;
				GCC_C_LANGUAGE_STANDARD = gnu11;
				GCC_NO_COMMON_BLOCKS = YES;
				GCC_WARN_64_TO_32_BIT_CONVERSION = YES;
				GCC_WARN_ABOUT_RETURN_TYPE = YES_ERROR;
				GCC_WARN_UNDECLARED_SELECTOR = YES;
				GCC_WARN_UNINITIALIZED_AUTOS = YES_AGGRESSIVE;
				GCC_WARN_UNUSED_FUNCTION = YES;
				GCC_WARN_UNUSED_VARIABLE = YES;
				IPHONEOS_DEPLOYMENT_TARGET = 16.0;
				MTL_ENABLE_DEBUG_INFO = NO;
				MTL_FAST_MATH = YES;
				SDKROOT = iphoneos;
				SWIFT_COMPILATION_MODE = wholemodule;
				SWIFT_OPTIMIZATION_LEVEL = "-O";
				VALIDATE_PRODUCT = YES;
			};
			name = Release;
		};
		13942989290DA86700DE89BB /* Debug */ = {
			isa = XCBuildConfiguration;
			baseConfigurationReference = BF72B8471169383D38ABB375 /* Pods-EquipmentManagement.debug.xcconfig */;
			buildSettings = {
				ASSETCATALOG_COMPILER_APPICON_NAME = AppIcon;
				ASSETCATALOG_COMPILER_GLOBAL_ACCENT_COLOR_NAME = AccentColor;
				CODE_SIGN_STYLE = Automatic;
				CURRENT_PROJECT_VERSION = 1;
				DEVELOPMENT_TEAM = 9TKZB4K9RM;
				GENERATE_INFOPLIST_FILE = YES;
				INFOPLIST_FILE = EquipmentManagement/Info.plist;
				INFOPLIST_KEY_UIApplicationSupportsIndirectInputEvents = YES;
				INFOPLIST_KEY_UILaunchStoryboardName = LaunchScreen;
				INFOPLIST_KEY_UIMainStoryboardFile = Main;
				INFOPLIST_KEY_UISupportedInterfaceOrientations_iPad = "UIInterfaceOrientationPortrait UIInterfaceOrientationPortraitUpsideDown UIInterfaceOrientationLandscapeLeft UIInterfaceOrientationLandscapeRight";
				INFOPLIST_KEY_UISupportedInterfaceOrientations_iPhone = "UIInterfaceOrientationPortrait UIInterfaceOrientationLandscapeLeft UIInterfaceOrientationLandscapeRight";
				LD_RUNPATH_SEARCH_PATHS = (
					"$(inherited)",
					"@executable_path/Frameworks",
				);
				MARKETING_VERSION = 1.0;
				PRODUCT_BUNDLE_IDENTIFIER = northeastern.edu.EquipmentManagement;
				PRODUCT_NAME = "$(TARGET_NAME)";
				SWIFT_EMIT_LOC_STRINGS = YES;
				SWIFT_VERSION = 5.0;
				TARGETED_DEVICE_FAMILY = "1,2";
			};
			name = Debug;
		};
		1394298A290DA86700DE89BB /* Release */ = {
			isa = XCBuildConfiguration;
			baseConfigurationReference = 382E9BEE2F2C359AB38CCB7B /* Pods-EquipmentManagement.release.xcconfig */;
			buildSettings = {
				ASSETCATALOG_COMPILER_APPICON_NAME = AppIcon;
				ASSETCATALOG_COMPILER_GLOBAL_ACCENT_COLOR_NAME = AccentColor;
				CODE_SIGN_STYLE = Automatic;
				CURRENT_PROJECT_VERSION = 1;
				DEVELOPMENT_TEAM = 9TKZB4K9RM;
				GENERATE_INFOPLIST_FILE = YES;
				INFOPLIST_FILE = EquipmentManagement/Info.plist;
				INFOPLIST_KEY_UIApplicationSupportsIndirectInputEvents = YES;
				INFOPLIST_KEY_UILaunchStoryboardName = LaunchScreen;
				INFOPLIST_KEY_UIMainStoryboardFile = Main;
				INFOPLIST_KEY_UISupportedInterfaceOrientations_iPad = "UIInterfaceOrientationPortrait UIInterfaceOrientationPortraitUpsideDown UIInterfaceOrientationLandscapeLeft UIInterfaceOrientationLandscapeRight";
				INFOPLIST_KEY_UISupportedInterfaceOrientations_iPhone = "UIInterfaceOrientationPortrait UIInterfaceOrientationLandscapeLeft UIInterfaceOrientationLandscapeRight";
				LD_RUNPATH_SEARCH_PATHS = (
					"$(inherited)",
					"@executable_path/Frameworks",
				);
				MARKETING_VERSION = 1.0;
				PRODUCT_BUNDLE_IDENTIFIER = northeastern.edu.EquipmentManagement;
				PRODUCT_NAME = "$(TARGET_NAME)";
				SWIFT_EMIT_LOC_STRINGS = YES;
				SWIFT_VERSION = 5.0;
				TARGETED_DEVICE_FAMILY = "1,2";
			};
			name = Release;
		};
/* End XCBuildConfiguration section */

/* Begin XCConfigurationList section */
		1394296F290DA86600DE89BB /* Build configuration list for PBXProject "EquipmentManagement" */ = {
			isa = XCConfigurationList;
			buildConfigurations = (
				13942986290DA86700DE89BB /* Debug */,
				13942987290DA86700DE89BB /* Release */,
			);
			defaultConfigurationIsVisible = 0;
			defaultConfigurationName = Release;
		};
		13942988290DA86700DE89BB /* Build configuration list for PBXNativeTarget "EquipmentManagement" */ = {
			isa = XCConfigurationList;
			buildConfigurations = (
				13942989290DA86700DE89BB /* Debug */,
				1394298A290DA86700DE89BB /* Release */,
			);
			defaultConfigurationIsVisible = 0;
			defaultConfigurationName = Release;
		};
/* End XCConfigurationList section */
	};
	rootObject = 1394296C290DA86600DE89BB /* Project object */;
}
